
Microsoft Visual Studio Solution File, Format Version 12.00
# Visual Studio Version 17
VisualStudioVersion = 17.14.36203.30 d17.14
MinimumVisualStudioVersion = 10.0.40219.1
Project("{FAE04EC0-301F-11D3-BF4B-00C04F79EFBC}") = "ReliefGoodsTrackingDesign_GEPULANE", "ReliefGoodsTrackingDesign_GEPULANE\ReliefGoodsTrackingDesign_GEPULANE.csproj", "{63CA53F9-FFCA-41AD-A1FA-7ADEC5EB73C8}"
EndProject
Global
	GlobalSection(SolutionConfigurationPlatforms) = preSolution
		Debug|Any CPU = Debug|Any CPU
		Release|Any CPU = Release|Any CPU
	EndGlobalSection
	GlobalSection(ProjectConfigurationPlatforms) = postSolution
		{63CA53F9-FFCA-41AD-A1FA-7ADEC5EB73C8}.Debug|Any CPU.ActiveCfg = Debug|Any CPU
		{63CA53F9-FFCA-41AD-A1FA-7ADEC5EB73C8}.Debug|Any CPU.Build.0 = Debug|Any CPU
		{63CA53F9-FFCA-41AD-A1FA-7ADEC5EB73C8}.Release|Any CPU.ActiveCfg = Release|Any CPU
		{63CA53F9-FFCA-41AD-A1FA-7ADEC5EB73C8}.Release|Any CPU.Build.0 = Release|Any CPU
	EndGlobalSection
	GlobalSection(SolutionProperties) = preSolution
		HideSolutionNode = FALSE
	EndGlobalSection
	GlobalSection(ExtensibilityGlobals) = postSolution
		SolutionGuid = {519C44FE-1190-407C-BDB5-79079B0F4630}
	EndGlobalSection
EndGlobal
